
Microsoft Visual Studio Solution File, Format Version 12.00
# Visual Studio Version 17
VisualStudioVersion = 17.8.34322.80
MinimumVisualStudioVersion = 10.0.40219.1
Project("{FAE04EC0-301F-11D3-BF4B-00C04F79EFBC}") = "schema", "schema.csproj", "{D3EB69B7-7996-4BB2-B8C4-63E06FBE171B}"
EndProject
Global
	GlobalSection(SolutionConfigurationPlatforms) = preSolution
		Debug|Any CPU = Debug|Any CPU
		Release|Any CPU = Release|Any CPU
	EndGlobalSection
	GlobalSection(ProjectConfigurationPlatforms) = postSolution
		{D3EB69B7-7996-4BB2-B8C4-63E06FBE171B}.Debug|Any CPU.ActiveCfg = Debug|Any CPU
		{D3EB69B7-7996-4BB2-B8C4-63E06FBE171B}.Debug|Any CPU.Build.0 = Debug|Any CPU
		{D3EB69B7-7996-4BB2-B8C4-63E06FBE171B}.Release|Any CPU.ActiveCfg = Release|Any CPU
		{D3EB69B7-7996-4BB2-B8C4-63E06FBE171B}.Release|Any CPU.Build.0 = Release|Any CPU
	EndGlobalSection
	GlobalSection(SolutionProperties) = preSolution
		HideSolutionNode = FALSE
	EndGlobalSection
	GlobalSection(ExtensibilityGlobals) = postSolution
		SolutionGuid = {1F81DD21-56E8-4A66-BDBA-CD0A1FCD44A8}
	EndGlobalSection
EndGlobal
